
Microsoft Visual Studio Solution File, Format Version 12.00
# Visual Studio 15
VisualStudioVersion = 15.0.28010.2016
MinimumVisualStudioVersion = 10.0.40219.1
Project("{F184B08F-C81C-45F6-A57F-5ABD9991F28F}") = "Cliente", "Cliente\Cliente.vbproj", "{74D6907A-7B97-456F-8FC3-78D793557CE1}"
EndProject
Global
	GlobalSection(SolutionConfigurationPlatforms) = preSolution
		Debug|Any CPU = Debug|Any CPU
		Release|Any CPU = Release|Any CPU
	EndGlobalSection
	GlobalSection(ProjectConfigurationPlatforms) = postSolution
		{74D6907A-7B97-456F-8FC3-78D793557CE1}.Debug|Any CPU.ActiveCfg = Debug|Any CPU
		{74D6907A-7B97-456F-8FC3-78D793557CE1}.Debug|Any CPU.Build.0 = Debug|Any CPU
		{74D6907A-7B97-456F-8FC3-78D793557CE1}.Release|Any CPU.ActiveCfg = Release|Any CPU
		{74D6907A-7B97-456F-8FC3-78D793557CE1}.Release|Any CPU.Build.0 = Release|Any CPU
	EndGlobalSection
	GlobalSection(SolutionProperties) = preSolution
		HideSolutionNode = FALSE
	EndGlobalSection
	GlobalSection(ExtensibilityGlobals) = postSolution
		SolutionGuid = {D8589161-160D-4234-B691-DA704E619E3B}
	EndGlobalSection
EndGlobal
